
Microsoft Visual Studio Solution File, Format Version 12.00
# Visual Studio Version 17
VisualStudioVersion = 17.7.34202.233
MinimumVisualStudioVersion = 10.0.40219.1
Project("{FAE04EC0-301F-11D3-BF4B-00C04F79EFBC}") = "ChallangeApp", "ChallangeApp\ChallangeApp.csproj", "{658AC5F7-D02E-4AE3-8464-1A88554274AD}"
EndProject
Global
	GlobalSection(SolutionConfigurationPlatforms) = preSolution
		Debug|Any CPU = Debug|Any CPU
		Release|Any CPU = Release|Any CPU
	EndGlobalSection
	GlobalSection(ProjectConfigurationPlatforms) = postSolution
		{658AC5F7-D02E-4AE3-8464-1A88554274AD}.Debug|Any CPU.ActiveCfg = Debug|Any CPU
		{658AC5F7-D02E-4AE3-8464-1A88554274AD}.Debug|Any CPU.Build.0 = Debug|Any CPU
		{658AC5F7-D02E-4AE3-8464-1A88554274AD}.Release|Any CPU.ActiveCfg = Release|Any CPU
		{658AC5F7-D02E-4AE3-8464-1A88554274AD}.Release|Any CPU.Build.0 = Release|Any CPU
	EndGlobalSection
	GlobalSection(SolutionProperties) = preSolution
		HideSolutionNode = FALSE
	EndGlobalSection
	GlobalSection(ExtensibilityGlobals) = postSolution
		SolutionGuid = {37233274-0019-4EC0-8D47-9885E53F62E4}
	EndGlobalSection
EndGlobal
